
Microsoft Visual Studio Solution File, Format Version 12.00
# Visual Studio 15
Project("{FAE04EC0-301F-11D3-BF4B-00C04F79EFBC}") = "Unity.XR.Interaction.Toolkit.Samples.StarterAssets", "Unity.XR.Interaction.Toolkit.Samples.StarterAssets.csproj", "{34A7917F-0407-9DD9-B3A5-DC08CB692421}"
EndProject
Project("{FAE04EC0-301F-11D3-BF4B-00C04F79EFBC}") = "Unity.XR.Interaction.Toolkit.Samples.StarterAssets.Editor", "Unity.XR.Interaction.Toolkit.Samples.StarterAssets.Editor.csproj", "{47C065C4-C892-8A9D-4EA0-8425BD853AA4}"
EndProject
Global
	GlobalSection(SolutionConfigurationPlatforms) = preSolution
		Debug|Any CPU = Debug|Any CPU
		Release|Any CPU = Release|Any CPU
	EndGlobalSection
	GlobalSection(ProjectConfigurationPlatforms) = postSolution
		{34A7917F-0407-9DD9-B3A5-DC08CB692421}.Debug|Any CPU.ActiveCfg = Debug|Any CPU
		{34A7917F-0407-9DD9-B3A5-DC08CB692421}.Debug|Any CPU.Build.0 = Debug|Any CPU
		{34A7917F-0407-9DD9-B3A5-DC08CB692421}.Release|Any CPU.ActiveCfg = Release|Any CPU
		{34A7917F-0407-9DD9-B3A5-DC08CB692421}.Release|Any CPU.Build.0 = Release|Any CPU
		{47C065C4-C892-8A9D-4EA0-8425BD853AA4}.Debug|Any CPU.ActiveCfg = Debug|Any CPU
		{47C065C4-C892-8A9D-4EA0-8425BD853AA4}.Debug|Any CPU.Build.0 = Debug|Any CPU
		{47C065C4-C892-8A9D-4EA0-8425BD853AA4}.Release|Any CPU.ActiveCfg = Release|Any CPU
		{47C065C4-C892-8A9D-4EA0-8425BD853AA4}.Release|Any CPU.Build.0 = Release|Any CPU
	EndGlobalSection
	GlobalSection(SolutionProperties) = preSolution
		HideSolutionNode = FALSE
	EndGlobalSection
EndGlobal
